
Microsoft Visual Studio Solution File, Format Version 12.00
# Visual Studio Version 17
VisualStudioVersion = 17.14.36705.20 d17.14
MinimumVisualStudioVersion = 10.0.40219.1
Project("{9A19103F-16F7-4668-BE54-9A1E7A4F7556}") = "CalibrationSaaS.Infraestructure.GrpcServices", "CalibrationSaaS.Service\CalibrationSaaS.Infraestructure.GrpcServices.csproj", "{DC635E9A-123C-45D5-A83F-DE9CA5F09B92}"
EndProject
Project("{9A19103F-16F7-4668-BE54-9A1E7A4F7556}") = "CalibrationSaaS.Infraestructure.EntityFramework", "CalibrationSaaS.Data.EntityFramework\CalibrationSaaS.Infraestructure.EntityFramework.csproj", "{74F32E4E-CC34-4762-8271-F8B66E788098}"
EndProject
Project("{9A19103F-16F7-4668-BE54-9A1E7A4F7556}") = "CalibrationSaaS.Domain.Aggregates", "CalibrationSaaS.Models\CalibrationSaaS.Domain.Aggregates.csproj", "{04137E68-F5FD-49B0-9FCC-F3BCE02F66A5}"
EndProject
Project("{2150E333-8FDC-42A3-9474-1A3956D46DE8}") = "Calibration", "Calibration", "{880F6465-C0F7-46CB-8AF5-BBC00D65D8E0}"
EndProject
Project("{2150E333-8FDC-42A3-9474-1A3956D46DE8}") = "Reports", "Reports", "{87D451E3-85FE-4ECA-9B93-643759C41B46}"
EndProject
Project("{2150E333-8FDC-42A3-9474-1A3956D46DE8}") = "2-Application", "2-Application", "{31F19667-D1C7-40AC-A089-43E28A53308D}"
EndProject
Project("{2150E333-8FDC-42A3-9474-1A3956D46DE8}") = "1-Domain", "1-Domain", "{BA4F933F-30BF-4834-B1A0-67A46E3D6E85}"
EndProject
Project("{2150E333-8FDC-42A3-9474-1A3956D46DE8}") = "3-Infraestructure", "3-Infraestructure", "{9D3AD2E8-7076-444B-A4B2-D11837B9F335}"
EndProject
Project("{2150E333-8FDC-42A3-9474-1A3956D46DE8}") = "3-Infraestructure", "3-Infraestructure", "{7529C8B8-4D49-401E-843B-968C389C38F8}"
EndProject
Project("{9A19103F-16F7-4668-BE54-9A1E7A4F7556}") = "CalibrationSaaS.Application.UseCases", "CalibrationSaaS.Application.UseCases\CalibrationSaaS.Application.UseCases.csproj", "{1A91F492-9081-4C1F-94EC-677922245EE4}"
EndProject
Project("{9A19103F-16F7-4668-BE54-9A1E7A4F7556}") = "CalibrationSaaS.Application.Services", "CalibrationSaaS.Application.Services\CalibrationSaaS.Application.Services.csproj", "{5CE11027-180F-42C9-8E7A-7851519839E7}"
EndProject
Project("{9A19103F-16F7-4668-BE54-9A1E7A4F7556}") = "CalibrationSaaS.Domain.Repositories", "CalibrationSaaS.Domain.Repositories\CalibrationSaaS.Domain.Repositories.csproj", "{21639392-A1D5-4BEF-864B-41CF787A828E}"
EndProject
Project("{9A19103F-16F7-4668-BE54-9A1E7A4F7556}") = "CalibrationSaaS.Domain.BusinessExceptions", "CalibrationSaaS.Domain.BusinessExceptions\CalibrationSaaS.Domain.BusinessExceptions.csproj", "{2894ABC8-D530-4695-A9A1-6CD0BA5E94B1}"
EndProject
Project("{9A19103F-16F7-4668-BE54-9A1E7A4F7556}") = "CalibrationSaaS.Infraestructure.Blazor", "CalibrationSaaS.Infraestructure.Blazor\CalibrationSaaS.Infraestructure.Blazor.csproj", "{DC6FDC98-3499-46A4-BF03-064B7A054A77}"
EndProject
Project("{2150E333-8FDC-42A3-9474-1A3956D46DE8}") = "1-Domain", "1-Domain", "{94BE2C82-71FE-45E2-B74D-EC186692FFB9}"
EndProject
Project("{9A19103F-16F7-4668-BE54-9A1E7A4F7556}") = "CEC.Routing", "CEC.Routing\CEC.Routing.csproj", "{DE5E2BFE-DC48-4C2F-9031-4614D63CD8D0}"
EndProject
Project("{9A19103F-16F7-4668-BE54-9A1E7A4F7556}") = "Blazored.Modal", "Blazored.Modal\Blazored.Modal.csproj", "{D75A09A4-AE65-4C5C-AD2F-62ECEF68FFFA}"
EndProject
Project("{9A19103F-16F7-4668-BE54-9A1E7A4F7556}") = "IdentityClient", "IdentityClient\IdentityClient\IdentityClient.csproj", "{FA6C7FA6-4E0C-421C-BAEC-FDAFF03EC974}"
EndProject
Project("{2150E333-8FDC-42A3-9474-1A3956D46DE8}") = "Security", "Security", "{329152CC-E485-442B-A796-1CEF21FD079E}"
EndProject
Project("{9A19103F-16F7-4668-BE54-9A1E7A4F7556}") = "Reports.Domain.ReportViewModels", "Reports.Domain.ReportViewModels\Reports.Domain.ReportViewModels.csproj", "{9CA922A5-CBD9-4EAF-9483-F48EFB128AA2}"
EndProject
Project("{9A19103F-16F7-4668-BE54-9A1E7A4F7556}") = "GrpcSample.Prueba", "GrpcSample.Tests\GrpcSample.Prueba.csproj", "{FDE5728A-5223-4F90-9119-A45C8FF7A109}"
EndProject
Project("{9A19103F-16F7-4668-BE54-9A1E7A4F7556}") = "Bogus", "Bogus-master\Source\Bogus\Bogus.csproj", "{2D279989-61D9-4DB3-BBF9-1D3CE10A0F7F}"
EndProject
Project("{9A19103F-16F7-4668-BE54-9A1E7A4F7556}") = "BlazorTimeline", "BlazorTimeline\BlazorTimeline.csproj", "{B59AB72D-CFF4-4F70-A495-A79BDAA7DF3E}"
EndProject
Project("{9A19103F-16F7-4668-BE54-9A1E7A4F7556}") = "DynamicClassLibrary", "DynamicClassLibrary\DynamicClassLibrary.csproj", "{59864C0C-0CDA-45FA-9389-0F9C47DDA6A8}"
EndProject
Project("{2150E333-8FDC-42A3-9474-1A3956D46DE8}") = "Tenants", "Tenants", "{2FB9C2A9-28D6-48CB-A5D2-EFCA8DCDDA3A}"
EndProject
Project("{2150E333-8FDC-42A3-9474-1A3956D46DE8}") = "LTI", "LTI", "{FF476842-5404-4713-862C-A619B71A404B}"
EndProject
Project("{2150E333-8FDC-42A3-9474-1A3956D46DE8}") = "Bitterman", "Bitterman", "{83895877-3DBC-43C7-81B1-6E7B643DA50F}"
EndProject
Project("{9A19103F-16F7-4668-BE54-9A1E7A4F7556}") = "Bitterman", "Bitterman\Bitterman.csproj", "{2F786FFB-7773-4B71-AB3B-6DD4B751354C}"
EndProject
Project("{9A19103F-16F7-4668-BE54-9A1E7A4F7556}") = "LTI", "LTI\LTI.csproj", "{25477FC9-FF4B-4154-B471-9622D61550D1}"
EndProject
Project("{9A19103F-16F7-4668-BE54-9A1E7A4F7556}") = "Helpers", "Helpers\Helpers.csproj", "{969EE286-3A9A-4257-9333-B251CBFAE8EB}"
EndProject
Project("{9A19103F-16F7-4668-BE54-9A1E7A4F7556}") = "Blazed", "Blazed\Blazed.csproj", "{725AB932-07B7-49CF-84A9-ACDF03F90082}"
EndProject
Project("{9A19103F-16F7-4668-BE54-9A1E7A4F7556}") = "CalibrationSaaS.Infraestructure.Blazor.Services", "CalibrationSaaS.Infraestructure.Blazor.Services\CalibrationSaaS.Infraestructure.Blazor.Services.csproj", "{E6491FE7-1540-4232-9E65-859FD8C64AEA}"
EndProject
Project("{9A19103F-16F7-4668-BE54-9A1E7A4F7556}") = "CalibrationSaaS.Infraestructure.Blazor.Pages.Base", "CalibrationSaaS.Infraestructure.Blazor.Pages.Base\CalibrationSaaS.Infraestructure.Blazor.Pages.Base.csproj", "{C5951E36-91C0-427C-8721-13B80628FAF9}"
EndProject
Project("{9A19103F-16F7-4668-BE54-9A1E7A4F7556}") = "CalibrationSaaS.Reports.Infraestructure.APIRep", "CalibrationSaaS.Reports.Infraestructure.APIRep\CalibrationSaaS.Reports.Infraestructure.APIRep.csproj", "{05383A2A-1CBA-4392-B66F-5E41E5899C13}"
EndProject
Project("{9A19103F-16F7-4668-BE54-9A1E7A4F7556}") = "Migrations", "Migrations\Migrations.csproj", "{6E217C58-604A-4A8C-9BDB-5B095BC66B22}"
EndProject
Project("{00D1A9C2-B5F0-4AF3-8072-F6C62B433612}") = "CalibrationSaaS.Infraestructure.Database", "CalibrationSaaS.Infraestructure.Database\CalibrationSaaS.Infraestructure.Database.sqlproj", "{FA07E898-3D4E-4403-8691-B2AF241F7CCC}"
EndProject
Project("{9A19103F-16F7-4668-BE54-9A1E7A4F7556}") = "LTIDomainLogic", "LTIDomainLogic\LTIDomainLogic.csproj", "{B7588B55-672B-4072-909C-3796D28332B2}"
EndProject
Project("{9A19103F-16F7-4668-BE54-9A1E7A4F7556}") = "Jint", "Jint\Jint.csproj", "{04FEA256-8517-4BB9-B719-206B9047BBEB}"
EndProject
Project("{9A19103F-16F7-4668-BE54-9A1E7A4F7556}") = "Validate.Lib", "csv-validator\src\Validate.Lib\Validate.Lib.csproj", "{C9A027B4-6285-4EAC-9313-81512AF7543B}"
EndProject
Project("{9A19103F-16F7-4668-BE54-9A1E7A4F7556}") = "Meziantou.AspNetCore.Components", "Meziantou.AspNetCore.Components\Meziantou.AspNetCore.Components.csproj", "{6D9916C6-3AB8-4DC2-8028-4E0F24372278}"
EndProject
Project("{9A19103F-16F7-4668-BE54-9A1E7A4F7556}") = "IntegrationApi", "IntegrationApi\IntegrationApi.csproj", "{531751A5-9EF2-455B-9BA4-5A770F38B3E3}"
EndProject
Project("{9A19103F-16F7-4668-BE54-9A1E7A4F7556}") = "ServerContext", "ServerContext\ServerContext.csproj", "{576B8A9F-D86E-4437-AFD9-7F621A0153F5}"
EndProject
Project("{9A19103F-16F7-4668-BE54-9A1E7A4F7556}") = "ClientContext", "ClientContext\ClientContext.csproj", "{03B48528-8A2B-42DA-8D12-03F3B75F01A6}"
EndProject
Project("{9A19103F-16F7-4668-BE54-9A1E7A4F7556}") = "Context", "Context\Context.csproj", "{4C6CF49F-E664-4CD7-BBCE-274CB492DE16}"
EndProject
Project("{9A19103F-16F7-4668-BE54-9A1E7A4F7556}") = "IndexedDB.Blazor", "IndexedDB.Blazor\IndexedDB.Blazor\IndexedDB.Blazor.csproj", "{D06E9CD3-002F-4862-82EF-498A4EE6960E}"
EndProject
Project("{9A19103F-16F7-4668-BE54-9A1E7A4F7556}") = "TG.Blazor.IndexedDB", "IndexedDB.Blazor\TG.Blazor.IndexedDb\TG.Blazor.IndexedDB.csproj", "{39A742C9-D589-45EE-923F-59E8DD0BE111}"
EndProject
Project("{9A19103F-16F7-4668-BE54-9A1E7A4F7556}") = "SqliteWasmHelper", "SqliteWasmHelper\SqliteWasmHelper.csproj", "{0179A4F2-5300-48E7-A268-E2AF632285ED}"
EndProject
Project("{2150E333-8FDC-42A3-9474-1A3956D46DE8}") = "BlazorUpgrade", "BlazorUpgrade", "{02EA681E-C7D8-13C7-8484-4AC65E1B71E8}"
EndProject
Project("{2150E333-8FDC-42A3-9474-1A3956D46DE8}") = "Calibrify", "Calibrify", "{C7BA2B95-C77F-4CB7-A902-E4769F4D104A}"
EndProject
Project("{FAE04EC0-301F-11D3-BF4B-00C04F79EFBC}") = "BlazorApp1.Client", "BlazorUpgrade\BlazorApp1.Client\BlazorApp1.Client.csproj", "{1EFEE78A-F02D-D693-C480-E07901CBC48A}"
	ProjectSection(ProjectDependencies) = postProject
		{21639392-A1D5-4BEF-864B-41CF787A828E} = {21639392-A1D5-4BEF-864B-41CF787A828E}
	EndProjectSection
EndProject
Project("{FAE04EC0-301F-11D3-BF4B-00C04F79EFBC}") = "BlazorApp1", "BlazorUpgrade\BlazorApp1\BlazorApp1.csproj", "{D5E210FE-FCAC-600D-D6B5-47C1B7A271BA}"
EndProject
Project("{FAE04EC0-301F-11D3-BF4B-00C04F79EFBC}") = "CalibrifyApp.Server", "CalibrifyApp\Server\CalibrifyApp.Server.csproj", "{6FE33562-F860-80BF-13A6-98226EF3C7CD}"
EndProject
Project("{FAE04EC0-301F-11D3-BF4B-00C04F79EFBC}") = "IdentityProvider", "BlazorUpgrade\IdentityProvider\IdentityProvider.csproj", "{37D178FD-F3E2-23FE-3772-67623F2C3744}"
EndProject
Project("{FAE04EC0-301F-11D3-BF4B-00C04F79EFBC}") = "OpeniddictServer", "BlazorUpgrade\OpeniddictServer\OpeniddictServer.csproj", "{6316FF4F-834C-3B50-F953-E57480DADBB5}"
EndProject
Project("{FAE04EC0-301F-11D3-BF4B-00C04F79EFBC}") = "ResourceServer", "BlazorUpgrade\ResourceServer\ResourceServer.csproj", "{D4B23A3B-896A-4F45-7DA3-3150F340B1F7}"
EndProject
Project("{FAE04EC0-301F-11D3-BF4B-00C04F79EFBC}") = "Blazor.BFF.OpenIddict.Shared", "BlazorUpgrade\Shared\Blazor.BFF.OpenIddict.Shared.csproj", "{0A77A65A-5823-155B-3986-32300FEA040C}"
EndProject
Project("{FAE04EC0-301F-11D3-BF4B-00C04F79EFBC}") = "CalibrationSaaS.Infraestructure.Blazor", "BlazorUpgrade\LTI\CalibrationSaaS.Infraestructure.Blazor.csproj", "{B9693B83-3EBF-9C3B-E4ED-61E94A65242C}"
EndProject
Project("{FAE04EC0-301F-11D3-BF4B-00C04F79EFBC}") = "MyBlazorPwa", "BlazorUpgrade\MyBlazorPwa\MyBlazorPwa.csproj", "{409E70DA-4FB0-92EC-1E8F-F37DF17BF3DF}"
EndProject
Global
	GlobalSection(SolutionConfigurationPlatforms) = preSolution
		Debug|Any CPU = Debug|Any CPU
		Release|Any CPU = Release|Any CPU
	EndGlobalSection
	GlobalSection(ProjectConfigurationPlatforms) = postSolution
		{DC635E9A-123C-45D5-A83F-DE9CA5F09B92}.Debug|Any CPU.ActiveCfg = Debug|Any CPU
		{DC635E9A-123C-45D5-A83F-DE9CA5F09B92}.Debug|Any CPU.Build.0 = Debug|Any CPU
		{DC635E9A-123C-45D5-A83F-DE9CA5F09B92}.Release|Any CPU.ActiveCfg = Release|Any CPU
		{DC635E9A-123C-45D5-A83F-DE9CA5F09B92}.Release|Any CPU.Build.0 = Release|Any CPU
		{74F32E4E-CC34-4762-8271-F8B66E788098}.Debug|Any CPU.ActiveCfg = Debug|Any CPU
		{74F32E4E-CC34-4762-8271-F8B66E788098}.Debug|Any CPU.Build.0 = Debug|Any CPU
		{74F32E4E-CC34-4762-8271-F8B66E788098}.Release|Any CPU.ActiveCfg = Release|Any CPU
		{74F32E4E-CC34-4762-8271-F8B66E788098}.Release|Any CPU.Build.0 = Release|Any CPU
		{04137E68-F5FD-49B0-9FCC-F3BCE02F66A5}.Debug|Any CPU.ActiveCfg = Debug|Any CPU
		{04137E68-F5FD-49B0-9FCC-F3BCE02F66A5}.Debug|Any CPU.Build.0 = Debug|Any CPU
		{04137E68-F5FD-49B0-9FCC-F3BCE02F66A5}.Release|Any CPU.ActiveCfg = Release|Any CPU
		{04137E68-F5FD-49B0-9FCC-F3BCE02F66A5}.Release|Any CPU.Build.0 = Release|Any CPU
		{1A91F492-9081-4C1F-94EC-677922245EE4}.Debug|Any CPU.ActiveCfg = Debug|Any CPU
		{1A91F492-9081-4C1F-94EC-677922245EE4}.Debug|Any CPU.Build.0 = Debug|Any CPU
		{1A91F492-9081-4C1F-94EC-677922245EE4}.Release|Any CPU.ActiveCfg = Release|Any CPU
		{1A91F492-9081-4C1F-94EC-677922245EE4}.Release|Any CPU.Build.0 = Release|Any CPU
		{5CE11027-180F-42C9-8E7A-7851519839E7}.Debug|Any CPU.ActiveCfg = Debug|Any CPU
		{5CE11027-180F-42C9-8E7A-7851519839E7}.Debug|Any CPU.Build.0 = Debug|Any CPU
		{5CE11027-180F-42C9-8E7A-7851519839E7}.Release|Any CPU.ActiveCfg = Release|Any CPU
		{5CE11027-180F-42C9-8E7A-7851519839E7}.Release|Any CPU.Build.0 = Release|Any CPU
		{21639392-A1D5-4BEF-864B-41CF787A828E}.Debug|Any CPU.ActiveCfg = Debug|Any CPU
		{21639392-A1D5-4BEF-864B-41CF787A828E}.Debug|Any CPU.Build.0 = Debug|Any CPU
		{21639392-A1D5-4BEF-864B-41CF787A828E}.Release|Any CPU.ActiveCfg = Release|Any CPU
		{21639392-A1D5-4BEF-864B-41CF787A828E}.Release|Any CPU.Build.0 = Release|Any CPU
		{2894ABC8-D530-4695-A9A1-6CD0BA5E94B1}.Debug|Any CPU.ActiveCfg = Debug|Any CPU
		{2894ABC8-D530-4695-A9A1-6CD0BA5E94B1}.Debug|Any CPU.Build.0 = Debug|Any CPU
		{2894ABC8-D530-4695-A9A1-6CD0BA5E94B1}.Release|Any CPU.ActiveCfg = Release|Any CPU
		{2894ABC8-D530-4695-A9A1-6CD0BA5E94B1}.Release|Any CPU.Build.0 = Release|Any CPU
		{DC6FDC98-3499-46A4-BF03-064B7A054A77}.Debug|Any CPU.ActiveCfg = Debug|Any CPU
		{DC6FDC98-3499-46A4-BF03-064B7A054A77}.Release|Any CPU.ActiveCfg = Release|Any CPU
		{DE5E2BFE-DC48-4C2F-9031-4614D63CD8D0}.Debug|Any CPU.ActiveCfg = Debug|Any CPU
		{DE5E2BFE-DC48-4C2F-9031-4614D63CD8D0}.Debug|Any CPU.Build.0 = Debug|Any CPU
		{DE5E2BFE-DC48-4C2F-9031-4614D63CD8D0}.Release|Any CPU.ActiveCfg = Release|Any CPU
		{DE5E2BFE-DC48-4C2F-9031-4614D63CD8D0}.Release|Any CPU.Build.0 = Release|Any CPU
		{D75A09A4-AE65-4C5C-AD2F-62ECEF68FFFA}.Debug|Any CPU.ActiveCfg = Debug|Any CPU
		{D75A09A4-AE65-4C5C-AD2F-62ECEF68FFFA}.Debug|Any CPU.Build.0 = Debug|Any CPU
		{D75A09A4-AE65-4C5C-AD2F-62ECEF68FFFA}.Release|Any CPU.ActiveCfg = Release|Any CPU
		{D75A09A4-AE65-4C5C-AD2F-62ECEF68FFFA}.Release|Any CPU.Build.0 = Release|Any CPU
		{FA6C7FA6-4E0C-421C-BAEC-FDAFF03EC974}.Debug|Any CPU.ActiveCfg = Debug|Any CPU
		{FA6C7FA6-4E0C-421C-BAEC-FDAFF03EC974}.Debug|Any CPU.Build.0 = Debug|Any CPU
		{FA6C7FA6-4E0C-421C-BAEC-FDAFF03EC974}.Release|Any CPU.ActiveCfg = Release|Any CPU
		{FA6C7FA6-4E0C-421C-BAEC-FDAFF03EC974}.Release|Any CPU.Build.0 = Release|Any CPU
		{9CA922A5-CBD9-4EAF-9483-F48EFB128AA2}.Debug|Any CPU.ActiveCfg = Debug|Any CPU
		{9CA922A5-CBD9-4EAF-9483-F48EFB128AA2}.Debug|Any CPU.Build.0 = Debug|Any CPU
		{9CA922A5-CBD9-4EAF-9483-F48EFB128AA2}.Release|Any CPU.ActiveCfg = Release|Any CPU
		{9CA922A5-CBD9-4EAF-9483-F48EFB128AA2}.Release|Any CPU.Build.0 = Release|Any CPU
		{FDE5728A-5223-4F90-9119-A45C8FF7A109}.Debug|Any CPU.ActiveCfg = Debug|Any CPU
		{FDE5728A-5223-4F90-9119-A45C8FF7A109}.Debug|Any CPU.Build.0 = Debug|Any CPU
		{FDE5728A-5223-4F90-9119-A45C8FF7A109}.Release|Any CPU.ActiveCfg = Release|Any CPU
		{FDE5728A-5223-4F90-9119-A45C8FF7A109}.Release|Any CPU.Build.0 = Release|Any CPU
		{2D279989-61D9-4DB3-BBF9-1D3CE10A0F7F}.Debug|Any CPU.ActiveCfg = Debug|Any CPU
		{2D279989-61D9-4DB3-BBF9-1D3CE10A0F7F}.Debug|Any CPU.Build.0 = Debug|Any CPU
		{2D279989-61D9-4DB3-BBF9-1D3CE10A0F7F}.Release|Any CPU.ActiveCfg = Release|Any CPU
		{2D279989-61D9-4DB3-BBF9-1D3CE10A0F7F}.Release|Any CPU.Build.0 = Release|Any CPU
		{B59AB72D-CFF4-4F70-A495-A79BDAA7DF3E}.Debug|Any CPU.ActiveCfg = Debug|Any CPU
		{B59AB72D-CFF4-4F70-A495-A79BDAA7DF3E}.Debug|Any CPU.Build.0 = Debug|Any CPU
		{B59AB72D-CFF4-4F70-A495-A79BDAA7DF3E}.Release|Any CPU.ActiveCfg = Release|Any CPU
		{B59AB72D-CFF4-4F70-A495-A79BDAA7DF3E}.Release|Any CPU.Build.0 = Release|Any CPU
		{59864C0C-0CDA-45FA-9389-0F9C47DDA6A8}.Debug|Any CPU.ActiveCfg = Debug|Any CPU
		{59864C0C-0CDA-45FA-9389-0F9C47DDA6A8}.Debug|Any CPU.Build.0 = Debug|Any CPU
		{59864C0C-0CDA-45FA-9389-0F9C47DDA6A8}.Release|Any CPU.ActiveCfg = Release|Any CPU
		{59864C0C-0CDA-45FA-9389-0F9C47DDA6A8}.Release|Any CPU.Build.0 = Release|Any CPU
		{2F786FFB-7773-4B71-AB3B-6DD4B751354C}.Debug|Any CPU.ActiveCfg = Debug|Any CPU
		{2F786FFB-7773-4B71-AB3B-6DD4B751354C}.Debug|Any CPU.Build.0 = Debug|Any CPU
		{2F786FFB-7773-4B71-AB3B-6DD4B751354C}.Release|Any CPU.ActiveCfg = Release|Any CPU
		{2F786FFB-7773-4B71-AB3B-6DD4B751354C}.Release|Any CPU.Build.0 = Release|Any CPU
		{25477FC9-FF4B-4154-B471-9622D61550D1}.Debug|Any CPU.ActiveCfg = Debug|Any CPU
		{25477FC9-FF4B-4154-B471-9622D61550D1}.Debug|Any CPU.Build.0 = Debug|Any CPU
		{25477FC9-FF4B-4154-B471-9622D61550D1}.Release|Any CPU.ActiveCfg = Release|Any CPU
		{25477FC9-FF4B-4154-B471-9622D61550D1}.Release|Any CPU.Build.0 = Release|Any CPU
		{969EE286-3A9A-4257-9333-B251CBFAE8EB}.Debug|Any CPU.ActiveCfg = Debug|Any CPU
		{969EE286-3A9A-4257-9333-B251CBFAE8EB}.Debug|Any CPU.Build.0 = Debug|Any CPU
		{969EE286-3A9A-4257-9333-B251CBFAE8EB}.Release|Any CPU.ActiveCfg = Release|Any CPU
		{969EE286-3A9A-4257-9333-B251CBFAE8EB}.Release|Any CPU.Build.0 = Release|Any CPU
		{725AB932-07B7-49CF-84A9-ACDF03F90082}.Debug|Any CPU.ActiveCfg = Debug|Any CPU
		{725AB932-07B7-49CF-84A9-ACDF03F90082}.Debug|Any CPU.Build.0 = Debug|Any CPU
		{725AB932-07B7-49CF-84A9-ACDF03F90082}.Release|Any CPU.ActiveCfg = Release|Any CPU
		{725AB932-07B7-49CF-84A9-ACDF03F90082}.Release|Any CPU.Build.0 = Release|Any CPU
		{E6491FE7-1540-4232-9E65-859FD8C64AEA}.Debug|Any CPU.ActiveCfg = Debug|Any CPU
		{E6491FE7-1540-4232-9E65-859FD8C64AEA}.Debug|Any CPU.Build.0 = Debug|Any CPU
		{E6491FE7-1540-4232-9E65-859FD8C64AEA}.Release|Any CPU.ActiveCfg = Release|Any CPU
		{C5951E36-91C0-427C-8721-13B80628FAF9}.Debug|Any CPU.ActiveCfg = Debug|Any CPU
		{C5951E36-91C0-427C-8721-13B80628FAF9}.Debug|Any CPU.Build.0 = Debug|Any CPU
		{C5951E36-91C0-427C-8721-13B80628FAF9}.Release|Any CPU.ActiveCfg = Release|Any CPU
		{05383A2A-1CBA-4392-B66F-5E41E5899C13}.Debug|Any CPU.ActiveCfg = Debug|Any CPU
		{05383A2A-1CBA-4392-B66F-5E41E5899C13}.Debug|Any CPU.Build.0 = Debug|Any CPU
		{05383A2A-1CBA-4392-B66F-5E41E5899C13}.Release|Any CPU.ActiveCfg = Release|Any CPU
		{05383A2A-1CBA-4392-B66F-5E41E5899C13}.Release|Any CPU.Build.0 = Release|Any CPU
		{6E217C58-604A-4A8C-9BDB-5B095BC66B22}.Debug|Any CPU.ActiveCfg = Debug|Any CPU
		{6E217C58-604A-4A8C-9BDB-5B095BC66B22}.Debug|Any CPU.Build.0 = Debug|Any CPU
		{6E217C58-604A-4A8C-9BDB-5B095BC66B22}.Release|Any CPU.ActiveCfg = Release|Any CPU
		{6E217C58-604A-4A8C-9BDB-5B095BC66B22}.Release|Any CPU.Build.0 = Release|Any CPU
		{FA07E898-3D4E-4403-8691-B2AF241F7CCC}.Debug|Any CPU.ActiveCfg = Debug|Any CPU
		{FA07E898-3D4E-4403-8691-B2AF241F7CCC}.Release|Any CPU.ActiveCfg = Release|Any CPU
		{FA07E898-3D4E-4403-8691-B2AF241F7CCC}.Release|Any CPU.Deploy.0 = Release|Any CPU
		{B7588B55-672B-4072-909C-3796D28332B2}.Debug|Any CPU.ActiveCfg = Debug|Any CPU
		{B7588B55-672B-4072-909C-3796D28332B2}.Debug|Any CPU.Build.0 = Debug|Any CPU
		{B7588B55-672B-4072-909C-3796D28332B2}.Release|Any CPU.ActiveCfg = Release|Any CPU
		{B7588B55-672B-4072-909C-3796D28332B2}.Release|Any CPU.Build.0 = Release|Any CPU
		{04FEA256-8517-4BB9-B719-206B9047BBEB}.Debug|Any CPU.ActiveCfg = Debug|Any CPU
		{04FEA256-8517-4BB9-B719-206B9047BBEB}.Debug|Any CPU.Build.0 = Debug|Any CPU
		{04FEA256-8517-4BB9-B719-206B9047BBEB}.Release|Any CPU.ActiveCfg = Release|Any CPU
		{04FEA256-8517-4BB9-B719-206B9047BBEB}.Release|Any CPU.Build.0 = Release|Any CPU
		{C9A027B4-6285-4EAC-9313-81512AF7543B}.Debug|Any CPU.ActiveCfg = Debug|Any CPU
		{C9A027B4-6285-4EAC-9313-81512AF7543B}.Debug|Any CPU.Build.0 = Debug|Any CPU
		{C9A027B4-6285-4EAC-9313-81512AF7543B}.Release|Any CPU.ActiveCfg = Release|Any CPU
		{C9A027B4-6285-4EAC-9313-81512AF7543B}.Release|Any CPU.Build.0 = Release|Any CPU
		{6D9916C6-3AB8-4DC2-8028-4E0F24372278}.Debug|Any CPU.ActiveCfg = Debug|Any CPU
		{6D9916C6-3AB8-4DC2-8028-4E0F24372278}.Release|Any CPU.ActiveCfg = Release|Any CPU
		{531751A5-9EF2-455B-9BA4-5A770F38B3E3}.Debug|Any CPU.ActiveCfg = Debug|Any CPU
		{531751A5-9EF2-455B-9BA4-5A770F38B3E3}.Debug|Any CPU.Build.0 = Debug|Any CPU
		{531751A5-9EF2-455B-9BA4-5A770F38B3E3}.Release|Any CPU.ActiveCfg = Release|Any CPU
		{531751A5-9EF2-455B-9BA4-5A770F38B3E3}.Release|Any CPU.Build.0 = Release|Any CPU
		{576B8A9F-D86E-4437-AFD9-7F621A0153F5}.Debug|Any CPU.ActiveCfg = Debug|Any CPU
		{576B8A9F-D86E-4437-AFD9-7F621A0153F5}.Debug|Any CPU.Build.0 = Debug|Any CPU
		{576B8A9F-D86E-4437-AFD9-7F621A0153F5}.Release|Any CPU.ActiveCfg = Release|Any CPU
		{576B8A9F-D86E-4437-AFD9-7F621A0153F5}.Release|Any CPU.Build.0 = Release|Any CPU
		{03B48528-8A2B-42DA-8D12-03F3B75F01A6}.Debug|Any CPU.ActiveCfg = Debug|Any CPU
		{03B48528-8A2B-42DA-8D12-03F3B75F01A6}.Debug|Any CPU.Build.0 = Debug|Any CPU
		{03B48528-8A2B-42DA-8D12-03F3B75F01A6}.Release|Any CPU.ActiveCfg = Release|Any CPU
		{03B48528-8A2B-42DA-8D12-03F3B75F01A6}.Release|Any CPU.Build.0 = Release|Any CPU
		{4C6CF49F-E664-4CD7-BBCE-274CB492DE16}.Debug|Any CPU.ActiveCfg = Debug|Any CPU
		{4C6CF49F-E664-4CD7-BBCE-274CB492DE16}.Debug|Any CPU.Build.0 = Debug|Any CPU
		{4C6CF49F-E664-4CD7-BBCE-274CB492DE16}.Release|Any CPU.ActiveCfg = Release|Any CPU
		{4C6CF49F-E664-4CD7-BBCE-274CB492DE16}.Release|Any CPU.Build.0 = Release|Any CPU
		{D06E9CD3-002F-4862-82EF-498A4EE6960E}.Debug|Any CPU.ActiveCfg = Debug|Any CPU
		{D06E9CD3-002F-4862-82EF-498A4EE6960E}.Release|Any CPU.ActiveCfg = Release|Any CPU
		{39A742C9-D589-45EE-923F-59E8DD0BE111}.Debug|Any CPU.ActiveCfg = Debug|Any CPU
		{39A742C9-D589-45EE-923F-59E8DD0BE111}.Release|Any CPU.ActiveCfg = Release|Any CPU
		{0179A4F2-5300-48E7-A268-E2AF632285ED}.Debug|Any CPU.ActiveCfg = Debug|Any CPU
		{0179A4F2-5300-48E7-A268-E2AF632285ED}.Debug|Any CPU.Build.0 = Debug|Any CPU
		{0179A4F2-5300-48E7-A268-E2AF632285ED}.Release|Any CPU.ActiveCfg = Release|Any CPU
		{0179A4F2-5300-48E7-A268-E2AF632285ED}.Release|Any CPU.Build.0 = Release|Any CPU
		{1EFEE78A-F02D-D693-C480-E07901CBC48A}.Debug|Any CPU.ActiveCfg = Debug|Any CPU
		{1EFEE78A-F02D-D693-C480-E07901CBC48A}.Debug|Any CPU.Build.0 = Debug|Any CPU
		{1EFEE78A-F02D-D693-C480-E07901CBC48A}.Release|Any CPU.ActiveCfg = Release|Any CPU
		{D5E210FE-FCAC-600D-D6B5-47C1B7A271BA}.Debug|Any CPU.ActiveCfg = Debug|Any CPU
		{D5E210FE-FCAC-600D-D6B5-47C1B7A271BA}.Debug|Any CPU.Build.0 = Debug|Any CPU
		{D5E210FE-FCAC-600D-D6B5-47C1B7A271BA}.Release|Any CPU.ActiveCfg = Release|Any CPU
		{6FE33562-F860-80BF-13A6-98226EF3C7CD}.Debug|Any CPU.ActiveCfg = Debug|Any CPU
		{6FE33562-F860-80BF-13A6-98226EF3C7CD}.Release|Any CPU.ActiveCfg = Release|Any CPU
		{37D178FD-F3E2-23FE-3772-67623F2C3744}.Debug|Any CPU.ActiveCfg = Debug|Any CPU
		{37D178FD-F3E2-23FE-3772-67623F2C3744}.Release|Any CPU.ActiveCfg = Release|Any CPU
		{6316FF4F-834C-3B50-F953-E57480DADBB5}.Debug|Any CPU.ActiveCfg = Debug|Any CPU
		{6316FF4F-834C-3B50-F953-E57480DADBB5}.Debug|Any CPU.Build.0 = Debug|Any CPU
		{6316FF4F-834C-3B50-F953-E57480DADBB5}.Release|Any CPU.ActiveCfg = Release|Any CPU
		{6316FF4F-834C-3B50-F953-E57480DADBB5}.Release|Any CPU.Build.0 = Release|Any CPU
		{D4B23A3B-896A-4F45-7DA3-3150F340B1F7}.Debug|Any CPU.ActiveCfg = Debug|Any CPU
		{D4B23A3B-896A-4F45-7DA3-3150F340B1F7}.Debug|Any CPU.Build.0 = Debug|Any CPU
		{D4B23A3B-896A-4F45-7DA3-3150F340B1F7}.Release|Any CPU.ActiveCfg = Release|Any CPU
		{D4B23A3B-896A-4F45-7DA3-3150F340B1F7}.Release|Any CPU.Build.0 = Release|Any CPU
		{0A77A65A-5823-155B-3986-32300FEA040C}.Debug|Any CPU.ActiveCfg = Debug|Any CPU
		{0A77A65A-5823-155B-3986-32300FEA040C}.Debug|Any CPU.Build.0 = Debug|Any CPU
		{0A77A65A-5823-155B-3986-32300FEA040C}.Release|Any CPU.ActiveCfg = Release|Any CPU
		{B9693B83-3EBF-9C3B-E4ED-61E94A65242C}.Debug|Any CPU.ActiveCfg = Debug|Any CPU
		{B9693B83-3EBF-9C3B-E4ED-61E94A65242C}.Debug|Any CPU.Build.0 = Debug|Any CPU
		{B9693B83-3EBF-9C3B-E4ED-61E94A65242C}.Release|Any CPU.ActiveCfg = Release|Any CPU
		{409E70DA-4FB0-92EC-1E8F-F37DF17BF3DF}.Debug|Any CPU.ActiveCfg = Debug|Any CPU
		{409E70DA-4FB0-92EC-1E8F-F37DF17BF3DF}.Debug|Any CPU.Build.0 = Debug|Any CPU
		{409E70DA-4FB0-92EC-1E8F-F37DF17BF3DF}.Release|Any CPU.ActiveCfg = Release|Any CPU
		{409E70DA-4FB0-92EC-1E8F-F37DF17BF3DF}.Release|Any CPU.Build.0 = Release|Any CPU
	EndGlobalSection
	GlobalSection(SolutionProperties) = preSolution
		HideSolutionNode = FALSE
	EndGlobalSection
	GlobalSection(NestedProjects) = preSolution
		{DC635E9A-123C-45D5-A83F-DE9CA5F09B92} = {9D3AD2E8-7076-444B-A4B2-D11837B9F335}
		{74F32E4E-CC34-4762-8271-F8B66E788098} = {9D3AD2E8-7076-444B-A4B2-D11837B9F335}
		{04137E68-F5FD-49B0-9FCC-F3BCE02F66A5} = {BA4F933F-30BF-4834-B1A0-67A46E3D6E85}
		{31F19667-D1C7-40AC-A089-43E28A53308D} = {880F6465-C0F7-46CB-8AF5-BBC00D65D8E0}
		{BA4F933F-30BF-4834-B1A0-67A46E3D6E85} = {880F6465-C0F7-46CB-8AF5-BBC00D65D8E0}
		{9D3AD2E8-7076-444B-A4B2-D11837B9F335} = {880F6465-C0F7-46CB-8AF5-BBC00D65D8E0}
		{7529C8B8-4D49-401E-843B-968C389C38F8} = {87D451E3-85FE-4ECA-9B93-643759C41B46}
		{1A91F492-9081-4C1F-94EC-677922245EE4} = {31F19667-D1C7-40AC-A089-43E28A53308D}
		{5CE11027-180F-42C9-8E7A-7851519839E7} = {31F19667-D1C7-40AC-A089-43E28A53308D}
		{21639392-A1D5-4BEF-864B-41CF787A828E} = {BA4F933F-30BF-4834-B1A0-67A46E3D6E85}
		{2894ABC8-D530-4695-A9A1-6CD0BA5E94B1} = {BA4F933F-30BF-4834-B1A0-67A46E3D6E85}
		{DC6FDC98-3499-46A4-BF03-064B7A054A77} = {9D3AD2E8-7076-444B-A4B2-D11837B9F335}
		{94BE2C82-71FE-45E2-B74D-EC186692FFB9} = {87D451E3-85FE-4ECA-9B93-643759C41B46}
		{DE5E2BFE-DC48-4C2F-9031-4614D63CD8D0} = {9D3AD2E8-7076-444B-A4B2-D11837B9F335}
		{D75A09A4-AE65-4C5C-AD2F-62ECEF68FFFA} = {9D3AD2E8-7076-444B-A4B2-D11837B9F335}
		{FA6C7FA6-4E0C-421C-BAEC-FDAFF03EC974} = {329152CC-E485-442B-A796-1CEF21FD079E}
		{9CA922A5-CBD9-4EAF-9483-F48EFB128AA2} = {94BE2C82-71FE-45E2-B74D-EC186692FFB9}
		{FDE5728A-5223-4F90-9119-A45C8FF7A109} = {9D3AD2E8-7076-444B-A4B2-D11837B9F335}
		{2D279989-61D9-4DB3-BBF9-1D3CE10A0F7F} = {9D3AD2E8-7076-444B-A4B2-D11837B9F335}
		{B59AB72D-CFF4-4F70-A495-A79BDAA7DF3E} = {9D3AD2E8-7076-444B-A4B2-D11837B9F335}
		{59864C0C-0CDA-45FA-9389-0F9C47DDA6A8} = {9D3AD2E8-7076-444B-A4B2-D11837B9F335}
		{2FB9C2A9-28D6-48CB-A5D2-EFCA8DCDDA3A} = {9D3AD2E8-7076-444B-A4B2-D11837B9F335}
		{FF476842-5404-4713-862C-A619B71A404B} = {2FB9C2A9-28D6-48CB-A5D2-EFCA8DCDDA3A}
		{83895877-3DBC-43C7-81B1-6E7B643DA50F} = {2FB9C2A9-28D6-48CB-A5D2-EFCA8DCDDA3A}
		{2F786FFB-7773-4B71-AB3B-6DD4B751354C} = {83895877-3DBC-43C7-81B1-6E7B643DA50F}
		{25477FC9-FF4B-4154-B471-9622D61550D1} = {FF476842-5404-4713-862C-A619B71A404B}
		{969EE286-3A9A-4257-9333-B251CBFAE8EB} = {9D3AD2E8-7076-444B-A4B2-D11837B9F335}
		{725AB932-07B7-49CF-84A9-ACDF03F90082} = {9D3AD2E8-7076-444B-A4B2-D11837B9F335}
		{E6491FE7-1540-4232-9E65-859FD8C64AEA} = {9D3AD2E8-7076-444B-A4B2-D11837B9F335}
		{C5951E36-91C0-427C-8721-13B80628FAF9} = {9D3AD2E8-7076-444B-A4B2-D11837B9F335}
		{05383A2A-1CBA-4392-B66F-5E41E5899C13} = {7529C8B8-4D49-401E-843B-968C389C38F8}
		{6E217C58-604A-4A8C-9BDB-5B095BC66B22} = {9D3AD2E8-7076-444B-A4B2-D11837B9F335}
		{FA07E898-3D4E-4403-8691-B2AF241F7CCC} = {9D3AD2E8-7076-444B-A4B2-D11837B9F335}
		{B7588B55-672B-4072-909C-3796D28332B2} = {BA4F933F-30BF-4834-B1A0-67A46E3D6E85}
		{04FEA256-8517-4BB9-B719-206B9047BBEB} = {9D3AD2E8-7076-444B-A4B2-D11837B9F335}
		{C9A027B4-6285-4EAC-9313-81512AF7543B} = {9D3AD2E8-7076-444B-A4B2-D11837B9F335}
		{6D9916C6-3AB8-4DC2-8028-4E0F24372278} = {9D3AD2E8-7076-444B-A4B2-D11837B9F335}
		{576B8A9F-D86E-4437-AFD9-7F621A0153F5} = {9D3AD2E8-7076-444B-A4B2-D11837B9F335}
		{03B48528-8A2B-42DA-8D12-03F3B75F01A6} = {9D3AD2E8-7076-444B-A4B2-D11837B9F335}
		{4C6CF49F-E664-4CD7-BBCE-274CB492DE16} = {9D3AD2E8-7076-444B-A4B2-D11837B9F335}
		{D06E9CD3-002F-4862-82EF-498A4EE6960E} = {9D3AD2E8-7076-444B-A4B2-D11837B9F335}
		{39A742C9-D589-45EE-923F-59E8DD0BE111} = {9D3AD2E8-7076-444B-A4B2-D11837B9F335}
		{0179A4F2-5300-48E7-A268-E2AF632285ED} = {9D3AD2E8-7076-444B-A4B2-D11837B9F335}
		{02EA681E-C7D8-13C7-8484-4AC65E1B71E8} = {9D3AD2E8-7076-444B-A4B2-D11837B9F335}
		{C7BA2B95-C77F-4CB7-A902-E4769F4D104A} = {9D3AD2E8-7076-444B-A4B2-D11837B9F335}
		{1EFEE78A-F02D-D693-C480-E07901CBC48A} = {02EA681E-C7D8-13C7-8484-4AC65E1B71E8}
		{D5E210FE-FCAC-600D-D6B5-47C1B7A271BA} = {02EA681E-C7D8-13C7-8484-4AC65E1B71E8}
		{6FE33562-F860-80BF-13A6-98226EF3C7CD} = {C7BA2B95-C77F-4CB7-A902-E4769F4D104A}
		{37D178FD-F3E2-23FE-3772-67623F2C3744} = {02EA681E-C7D8-13C7-8484-4AC65E1B71E8}
		{6316FF4F-834C-3B50-F953-E57480DADBB5} = {02EA681E-C7D8-13C7-8484-4AC65E1B71E8}
		{D4B23A3B-896A-4F45-7DA3-3150F340B1F7} = {02EA681E-C7D8-13C7-8484-4AC65E1B71E8}
		{0A77A65A-5823-155B-3986-32300FEA040C} = {02EA681E-C7D8-13C7-8484-4AC65E1B71E8}
		{B9693B83-3EBF-9C3B-E4ED-61E94A65242C} = {02EA681E-C7D8-13C7-8484-4AC65E1B71E8}
		{409E70DA-4FB0-92EC-1E8F-F37DF17BF3DF} = {02EA681E-C7D8-13C7-8484-4AC65E1B71E8}
	EndGlobalSection
	GlobalSection(ExtensibilityGlobals) = postSolution
		SolutionGuid = {68DD0B21-2C33-4A62-85E3-69B2004B8AD7}
	EndGlobalSection
EndGlobal
